<?xml version="1.0" encoding="UTF-8"?>
<Scheme LastUpgradeVersion="1600" version="1.3">
<BuildAction parallelizeBuildables="YES" buildImplicitDependencies="YES"><BuildActionEntries><BuildActionEntry buildForTesting="YES" buildForRunning="YES" buildForProfiling="YES" buildForArchiving="YES" buildForAnalyzing="YES"><BuildableReference BuildableIdentifier="primary" BlueprintIdentifier="2987A1A8268A860D93178E92" BuildableName="NoProcrastinateCore.framework" BlueprintName="NoProcrastinateCore" ReferencedContainer="container:NoProcrastinate.xcodeproj"/></BuildActionEntry></BuildActionEntries></BuildAction>
<TestAction buildConfiguration="Debug" selectedDebuggerIdentifier="Xcode.DebuggerFoundation.Debugger.LLDB" selectedLauncherIdentifier="Xcode.IDEFoundation.Launcher.LLDB" shouldUseLaunchSchemeArgsEnv="YES"><Testables><TestableReference skipped="NO"><BuildableReference BuildableIdentifier="primary" BlueprintIdentifier="2EE9C0AE9733826541E15261" BuildableName="NoProcrastinateCoreTests.xctest" BlueprintName="NoProcrastinateCoreTests" ReferencedContainer="container:NoProcrastinate.xcodeproj"/></TestableReference></Testables></TestAction>
<LaunchAction buildConfiguration="Debug" selectedDebuggerIdentifier="Xcode.DebuggerFoundation.Debugger.LLDB" selectedLauncherIdentifier="Xcode.IDEFoundation.Launcher.LLDB" launchStyle="0" useCustomWorkingDirectory="NO" ignoresPersistentStateOnLaunch="NO" debugServiceExtension="internal" allowLocationSimulation="YES"></LaunchAction>
<ProfileAction buildConfiguration="Release" shouldUseLaunchSchemeArgsEnv="YES" savedToolIdentifier="" useCustomWorkingDirectory="NO" debugServiceExtension="internal"></ProfileAction>
<AnalyzeAction buildConfiguration="Debug"/><ArchiveAction buildConfiguration="Release" revealArchiveInOrganizer="YES"/>
</Scheme>
