<?xml version="1.0" encoding="UTF-8"?>
<Scheme LastUpgradeVersion="1600" version="1.3">
<BuildAction parallelizeBuildables="YES" buildImplicitDependencies="YES"><BuildActionEntries><BuildActionEntry buildForTesting="YES" buildForRunning="YES" buildForProfiling="YES" buildForArchiving="YES" buildForAnalyzing="YES"><BuildableReference BuildableIdentifier="primary" BlueprintIdentifier="84580A6BB133894D078D94C5" BuildableName="NoProcrastinate.app" BlueprintName="NoProcrastinate" ReferencedContainer="container:NoProcrastinate.xcodeproj"/></BuildActionEntry></BuildActionEntries></BuildAction>
<TestAction buildConfiguration="Debug" selectedDebuggerIdentifier="Xcode.DebuggerFoundation.Debugger.LLDB" selectedLauncherIdentifier="Xcode.IDEFoundation.Launcher.LLDB" shouldUseLaunchSchemeArgsEnv="YES"><Testables><TestableReference skipped="NO"><BuildableReference BuildableIdentifier="primary" BlueprintIdentifier="2EE9C0AE9733826541E15261" BuildableName="NoProcrastinateCoreTests.xctest" BlueprintName="NoProcrastinateCoreTests" ReferencedContainer="container:NoProcrastinate.xcodeproj"/></TestableReference><TestableReference skipped="NO"><BuildableReference BuildableIdentifier="primary" BlueprintIdentifier="5343653779DB68E6A6392424" BuildableName="NoProcrastinatePersistenceTests.xctest" BlueprintName="NoProcrastinatePersistenceTests" ReferencedContainer="container:NoProcrastinate.xcodeproj"/></TestableReference><TestableReference skipped="NO"><BuildableReference BuildableIdentifier="primary" BlueprintIdentifier="75FBA9030AE835F8BC88D7FC" BuildableName="NoProcrastinateUITests.xctest" BlueprintName="NoProcrastinateUITests" ReferencedContainer="container:NoProcrastinate.xcodeproj"/></TestableReference></Testables></TestAction>
<LaunchAction buildConfiguration="Debug" selectedDebuggerIdentifier="Xcode.DebuggerFoundation.Debugger.LLDB" selectedLauncherIdentifier="Xcode.IDEFoundation.Launcher.LLDB" launchStyle="0" useCustomWorkingDirectory="NO" ignoresPersistentStateOnLaunch="NO" debugServiceExtension="internal" allowLocationSimulation="YES"><BuildableProductRunnable runnableDebuggingMode="0"><BuildableReference BuildableIdentifier="primary" BlueprintIdentifier="84580A6BB133894D078D94C5" BuildableName="NoProcrastinate.app" BlueprintName="NoProcrastinate" ReferencedContainer="container:NoProcrastinate.xcodeproj"/></BuildableProductRunnable></LaunchAction>
<ProfileAction buildConfiguration="Release" shouldUseLaunchSchemeArgsEnv="YES" savedToolIdentifier="" useCustomWorkingDirectory="NO" debugServiceExtension="internal"><BuildableProductRunnable runnableDebuggingMode="0"><BuildableReference BuildableIdentifier="primary" BlueprintIdentifier="84580A6BB133894D078D94C5" BuildableName="NoProcrastinate.app" BlueprintName="NoProcrastinate" ReferencedContainer="container:NoProcrastinate.xcodeproj"/></BuildableProductRunnable></ProfileAction>
<AnalyzeAction buildConfiguration="Debug"/><ArchiveAction buildConfiguration="Release" revealArchiveInOrganizer="YES"/>
</Scheme>
