{
	"archiveVersion" = 1;
	"classes" = {
	};
	"objectVersion" = 56;
	"objects" = {
		8DBB7513E757E4693C2825AC = {
			"isa" = "PBXFileReference";
			"explicitFileType" = "wrapper.framework";
			"path" = "NoProcrastinateCore.framework";
			"sourceTree" = "BUILT_PRODUCTS_DIR";
			"includeInIndex" = 0;
		};
		8A6F2D8FDCA3956BF5AEDF52 = {
			"isa" = "PBXFileReference";
			"lastKnownFileType" = "sourcecode.swift";
			"path" = "Core/CoreDataStudyRepository.swift";
			"sourceTree" = "SOURCE_ROOT";
		};
		A0BF42E4839A966C6D7CB46B = {
			"isa" = "PBXBuildFile";
			"fileRef" = 8A6F2D8FDCA3956BF5AEDF52;
		};
		FD93AED20CC8B386C4CB7336 = {
			"isa" = "PBXFileReference";
			"lastKnownFileType" = "sourcecode.swift";
			"path" = "Core/FocusUseCases.swift";
			"sourceTree" = "SOURCE_ROOT";
		};
		E7CAAC210DD2915E00552832 = {
			"isa" = "PBXBuildFile";
			"fileRef" = FD93AED20CC8B386C4CB7336;
		};
		353D86847FB0AEA642E43496 = {
			"isa" = "PBXFileReference";
			"lastKnownFileType" = "sourcecode.swift";
			"path" = "Core/ReviewStudyProgress.swift";
			"sourceTree" = "SOURCE_ROOT";
		};
		8BABDADFD3264450992FC725 = {
			"isa" = "PBXBuildFile";
			"fileRef" = 353D86847FB0AEA642E43496;
		};
		F4B215C175AC32F34E6659AF = {
			"isa" = "PBXFileReference";
			"lastKnownFileType" = "sourcecode.swift";
			"path" = "Core/ReviewStudyWidget.swift";
			"sourceTree" = "SOURCE_ROOT";
		};
		A73EE7A0169EDF83F598D403 = {
			"isa" = "PBXBuildFile";
			"fileRef" = F4B215C175AC32F34E6659AF;
		};
		52D62AFB5E60CDD87880D08A = {
			"isa" = "PBXFileReference";
			"lastKnownFileType" = "sourcecode.swift";
			"path" = "Core/StudyModels.swift";
			"sourceTree" = "SOURCE_ROOT";
		};
		6B318ECA6C669AB92D1B7216 = {
			"isa" = "PBXBuildFile";
			"fileRef" = 52D62AFB5E60CDD87880D08A;
		};
		E9384ACC862E622BE36215E2 = {
			"isa" = "PBXFileReference";
			"lastKnownFileType" = "sourcecode.swift";
			"path" = "Core/StudyRepository.swift";
			"sourceTree" = "SOURCE_ROOT";
		};
		DE8A97303181AA998E365D80 = {
			"isa" = "PBXBuildFile";
			"fileRef" = E9384ACC862E622BE36215E2;
		};
		84C742071DF7273AD3EBE725 = {
			"isa" = "PBXFileReference";
			"lastKnownFileType" = "sourcecode.swift";
			"path" = "Core/StudySupervision.swift";
			"sourceTree" = "SOURCE_ROOT";
		};
		2C89006F8B706FE640359AD7 = {
			"isa" = "PBXBuildFile";
			"fileRef" = 84C742071DF7273AD3EBE725;
		};
		0623AF122252A3E30F811788 = {
			"isa" = "PBXFileReference";
			"lastKnownFileType" = "sourcecode.swift";
			"path" = "Core/StudyUseCases.swift";
			"sourceTree" = "SOURCE_ROOT";
		};
		A348E4553345AA8DCC93D5BB = {
			"isa" = "PBXBuildFile";
			"fileRef" = 0623AF122252A3E30F811788;
		};
		D736F39DB4EDD39FE398EA5A = {
			"isa" = "PBXGroup";
			"children" = (
				8A6F2D8FDCA3956BF5AEDF52,
				FD93AED20CC8B386C4CB7336,
				353D86847FB0AEA642E43496,
				F4B215C175AC32F34E6659AF,
				52D62AFB5E60CDD87880D08A,
				E9384ACC862E622BE36215E2,
				84C742071DF7273AD3EBE725,
				0623AF122252A3E30F811788,
			);
			"name" = "NoProcrastinateCore";
			"sourceTree" = "<group>";
		};
		D968E3BCADE4E18B45D01B68 = {
			"isa" = "PBXSourcesBuildPhase";
			"buildActionMask" = 2147483647;
			"files" = (
				A0BF42E4839A966C6D7CB46B,
				E7CAAC210DD2915E00552832,
				8BABDADFD3264450992FC725,
				A73EE7A0169EDF83F598D403,
				6B318ECA6C669AB92D1B7216,
				DE8A97303181AA998E365D80,
				2C89006F8B706FE640359AD7,
				A348E4553345AA8DCC93D5BB,
			);
			"runOnlyForDeploymentPostprocessing" = 0;
		};
		4EB883A2B996A26A36FB96D1 = {
			"isa" = "PBXFrameworksBuildPhase";
			"buildActionMask" = 2147483647;
			"files" = (
			);
			"runOnlyForDeploymentPostprocessing" = 0;
		};
		6A345AE287486662F8361014 = {
			"isa" = "PBXResourcesBuildPhase";
			"buildActionMask" = 2147483647;
			"files" = (
			);
			"runOnlyForDeploymentPostprocessing" = 0;
		};
		9C933D9B8C15866994188A95 = {
			"isa" = "XCBuildConfiguration";
			"name" = "Debug";
			"buildSettings" = {
				"PRODUCT_NAME" = "$(TARGET_NAME)";
				"PRODUCT_BUNDLE_IDENTIFIER" = "com.drivenligret.NoProcrastinateCore";
				"SWIFT_VERSION" = "5.0";
				"IPHONEOS_DEPLOYMENT_TARGET" = "17.0";
				"TARGETED_DEVICE_FAMILY" = "1,2";
				"SDKROOT" = "iphoneos";
				"SUPPORTED_PLATFORMS" = "iphoneos iphonesimulator";
				"CODE_SIGN_STYLE" = "Automatic";
				"CURRENT_PROJECT_VERSION" = "1";
				"MARKETING_VERSION" = "1.0";
				"GENERATE_INFOPLIST_FILE" = "YES";
				"CLANG_ENABLE_MODULES" = "YES";
				"DEFINES_MODULE" = "YES";
				"SKIP_INSTALL" = "YES";
				"INSTALL_PATH" = "$(LOCAL_LIBRARY_DIR)/Frameworks";
				"SWIFT_OPTIMIZATION_LEVEL" = "-Onone";
				"ENABLE_TESTABILITY" = "YES";
				"DEBUG_INFORMATION_FORMAT" = "dwarf";
			};
		};
		F75DB13DE20AA51C2A9C8A10 = {
			"isa" = "XCBuildConfiguration";
			"name" = "Release";
			"buildSettings" = {
				"PRODUCT_NAME" = "$(TARGET_NAME)";
				"PRODUCT_BUNDLE_IDENTIFIER" = "com.drivenligret.NoProcrastinateCore";
				"SWIFT_VERSION" = "5.0";
				"IPHONEOS_DEPLOYMENT_TARGET" = "17.0";
				"TARGETED_DEVICE_FAMILY" = "1,2";
				"SDKROOT" = "iphoneos";
				"SUPPORTED_PLATFORMS" = "iphoneos iphonesimulator";
				"CODE_SIGN_STYLE" = "Automatic";
				"CURRENT_PROJECT_VERSION" = "1";
				"MARKETING_VERSION" = "1.0";
				"GENERATE_INFOPLIST_FILE" = "YES";
				"CLANG_ENABLE_MODULES" = "YES";
				"DEFINES_MODULE" = "YES";
				"SKIP_INSTALL" = "YES";
				"INSTALL_PATH" = "$(LOCAL_LIBRARY_DIR)/Frameworks";
				"SWIFT_OPTIMIZATION_LEVEL" = "-O";
				"DEBUG_INFORMATION_FORMAT" = "dwarf-with-dsym";
			};
		};
		AA6B0392D40EE9BEEDEC425A = {
			"isa" = "XCConfigurationList";
			"buildConfigurations" = (
				9C933D9B8C15866994188A95,
				F75DB13DE20AA51C2A9C8A10,
			);
			"defaultConfigurationIsVisible" = 0;
			"defaultConfigurationName" = "Release";
		};
		2987A1A8268A860D93178E92 = {
			"isa" = "PBXNativeTarget";
			"buildConfigurationList" = AA6B0392D40EE9BEEDEC425A;
			"buildPhases" = (
				D968E3BCADE4E18B45D01B68,
				4EB883A2B996A26A36FB96D1,
				6A345AE287486662F8361014,
			);
			"buildRules" = (
			);
			"dependencies" = (
			);
			"name" = "NoProcrastinateCore";
			"productName" = "NoProcrastinateCore";
			"productReference" = 8DBB7513E757E4693C2825AC;
			"productType" = "com.apple.product-type.framework";
		};
		0160123E44F2DD1F94F714DC = {
			"isa" = "PBXFileReference";
			"explicitFileType" = "wrapper.cfbundle";
			"path" = "NoProcrastinateCoreTests.xctest";
			"sourceTree" = "BUILT_PRODUCTS_DIR";
			"includeInIndex" = 0;
		};
		D80AAF4B1781C19C04D9DB29 = {
			"isa" = "PBXFileReference";
			"lastKnownFileType" = "sourcecode.swift";
			"path" = "Tests/FocusUseCaseTests.swift";
			"sourceTree" = "SOURCE_ROOT";
		};
		675EC08F3A1C7A5472910D77 = {
			"isa" = "PBXBuildFile";
			"fileRef" = D80AAF4B1781C19C04D9DB29;
		};
		ED368B0AE4BD16AFAC0E53F9 = {
			"isa" = "PBXFileReference";
			"lastKnownFileType" = "sourcecode.swift";
			"path" = "Tests/StudySupervisionTests.swift";
			"sourceTree" = "SOURCE_ROOT";
		};
		C3969340AFDDB38029C244A5 = {
			"isa" = "PBXBuildFile";
			"fileRef" = ED368B0AE4BD16AFAC0E53F9;
		};
		E10761438028161FBF553EFB = {
			"isa" = "PBXFileReference";
			"lastKnownFileType" = "sourcecode.swift";
			"path" = "Tests/StudyUseCaseTests.swift";
			"sourceTree" = "SOURCE_ROOT";
		};
		45A3B2B332501D76B77F2BBC = {
			"isa" = "PBXBuildFile";
			"fileRef" = E10761438028161FBF553EFB;
		};
		2452757D16EA63BD94F51E0B = {
			"isa" = "PBXFileReference";
			"lastKnownFileType" = "sourcecode.swift";
			"path" = "Tests/StudyWidgetTests.swift";
			"sourceTree" = "SOURCE_ROOT";
		};
		237A87B5F028795ABE01B4DA = {
			"isa" = "PBXBuildFile";
			"fileRef" = 2452757D16EA63BD94F51E0B;
		};
		73BA15451D011CCCFF865FC9 = {
			"isa" = "PBXGroup";
			"children" = (
				D80AAF4B1781C19C04D9DB29,
				ED368B0AE4BD16AFAC0E53F9,
				E10761438028161FBF553EFB,
				2452757D16EA63BD94F51E0B,
			);
			"name" = "NoProcrastinateCoreTests";
			"sourceTree" = "<group>";
		};
		F8B886E0C31B0134BFE638CB = {
			"isa" = "PBXSourcesBuildPhase";
			"buildActionMask" = 2147483647;
			"files" = (
				675EC08F3A1C7A5472910D77,
				C3969340AFDDB38029C244A5,
				45A3B2B332501D76B77F2BBC,
				237A87B5F028795ABE01B4DA,
			);
			"runOnlyForDeploymentPostprocessing" = 0;
		};
		21B33686F8FBE0AC96F22560 = {
			"isa" = "PBXBuildFile";
			"fileRef" = 8DBB7513E757E4693C2825AC;
		};
		DEEFE7133C84C83392B46FBD = {
			"isa" = "PBXFrameworksBuildPhase";
			"buildActionMask" = 2147483647;
			"files" = (
				21B33686F8FBE0AC96F22560,
			);
			"runOnlyForDeploymentPostprocessing" = 0;
		};
		8B08EBBA587E7F8D18F3A96A = {
			"isa" = "PBXResourcesBuildPhase";
			"buildActionMask" = 2147483647;
			"files" = (
			);
			"runOnlyForDeploymentPostprocessing" = 0;
		};
		297FCFA70F4395F20E6B0FFB = {
			"isa" = "XCBuildConfiguration";
			"name" = "Debug";
			"buildSettings" = {
				"PRODUCT_NAME" = "$(TARGET_NAME)";
				"PRODUCT_BUNDLE_IDENTIFIER" = "com.drivenligret.NoProcrastinateCoreTests";
				"SWIFT_VERSION" = "5.0";
				"IPHONEOS_DEPLOYMENT_TARGET" = "17.0";
				"TARGETED_DEVICE_FAMILY" = "1,2";
				"SDKROOT" = "iphoneos";
				"SUPPORTED_PLATFORMS" = "iphoneos iphonesimulator";
				"CODE_SIGN_STYLE" = "Automatic";
				"CURRENT_PROJECT_VERSION" = "1";
				"MARKETING_VERSION" = "1.0";
				"GENERATE_INFOPLIST_FILE" = "YES";
				"CLANG_ENABLE_MODULES" = "YES";
				"LD_RUNPATH_SEARCH_PATHS" = (
					"$(inherited)",
					"@executable_path/Frameworks",
					"@loader_path/Frameworks",
				);
				"SKIP_INSTALL" = "YES";
				"SWIFT_OPTIMIZATION_LEVEL" = "-Onone";
				"ENABLE_TESTABILITY" = "YES";
				"DEBUG_INFORMATION_FORMAT" = "dwarf";
			};
		};
		D65AD516C3B1609B2A19E824 = {
			"isa" = "XCBuildConfiguration";
			"name" = "Release";
			"buildSettings" = {
				"PRODUCT_NAME" = "$(TARGET_NAME)";
				"PRODUCT_BUNDLE_IDENTIFIER" = "com.drivenligret.NoProcrastinateCoreTests";
				"SWIFT_VERSION" = "5.0";
				"IPHONEOS_DEPLOYMENT_TARGET" = "17.0";
				"TARGETED_DEVICE_FAMILY" = "1,2";
				"SDKROOT" = "iphoneos";
				"SUPPORTED_PLATFORMS" = "iphoneos iphonesimulator";
				"CODE_SIGN_STYLE" = "Automatic";
				"CURRENT_PROJECT_VERSION" = "1";
				"MARKETING_VERSION" = "1.0";
				"GENERATE_INFOPLIST_FILE" = "YES";
				"CLANG_ENABLE_MODULES" = "YES";
				"LD_RUNPATH_SEARCH_PATHS" = (
					"$(inherited)",
					"@executable_path/Frameworks",
					"@loader_path/Frameworks",
				);
				"SKIP_INSTALL" = "YES";
				"SWIFT_OPTIMIZATION_LEVEL" = "-O";
				"DEBUG_INFORMATION_FORMAT" = "dwarf-with-dsym";
			};
		};
		AE851F75E5B45C37F4009873 = {
			"isa" = "XCConfigurationList";
			"buildConfigurations" = (
				297FCFA70F4395F20E6B0FFB,
				D65AD516C3B1609B2A19E824,
			);
			"defaultConfigurationIsVisible" = 0;
			"defaultConfigurationName" = "Release";
		};
		15395AF89D3528AA731C7960 = {
			"isa" = "PBXContainerItemProxy";
			"containerPortal" = 98F54143AB4E86B28C3AFEE0;
			"proxyType" = 1;
			"remoteGlobalIDString" = 2987A1A8268A860D93178E92;
			"remoteInfo" = "NoProcrastinateCore";
		};
		7E376640F6CE012F6C8F5667 = {
			"isa" = "PBXTargetDependency";
			"target" = 2987A1A8268A860D93178E92;
			"targetProxy" = 15395AF89D3528AA731C7960;
		};
		2EE9C0AE9733826541E15261 = {
			"isa" = "PBXNativeTarget";
			"buildConfigurationList" = AE851F75E5B45C37F4009873;
			"buildPhases" = (
				F8B886E0C31B0134BFE638CB,
				DEEFE7133C84C83392B46FBD,
				8B08EBBA587E7F8D18F3A96A,
			);
			"buildRules" = (
			);
			"dependencies" = (
				7E376640F6CE012F6C8F5667,
			);
			"name" = "NoProcrastinateCoreTests";
			"productName" = "NoProcrastinateCoreTests";
			"productReference" = 0160123E44F2DD1F94F714DC;
			"productType" = "com.apple.product-type.bundle.unit-test";
		};
		E92B39164DE24D8BC31D3A4F = {
			"isa" = "PBXFileReference";
			"explicitFileType" = "wrapper.cfbundle";
			"path" = "NoProcrastinatePersistenceTests.xctest";
			"sourceTree" = "BUILT_PRODUCTS_DIR";
			"includeInIndex" = 0;
		};
		945D28F0A6148600FF0689A1 = {
			"isa" = "PBXFileReference";
			"lastKnownFileType" = "sourcecode.swift";
			"path" = "IntegrationTests/SharedFocusLeaseTests.swift";
			"sourceTree" = "SOURCE_ROOT";
		};
		45FBF14AD074AC020BB78162 = {
			"isa" = "PBXBuildFile";
			"fileRef" = 945D28F0A6148600FF0689A1;
		};
		68A9A3517EC74FC91C58C28A = {
			"isa" = "PBXFileReference";
			"lastKnownFileType" = "sourcecode.swift";
			"path" = "IntegrationTests/StudyPersistenceTests.swift";
			"sourceTree" = "SOURCE_ROOT";
		};
		CA9CA8DD3AE3A694F826C027 = {
			"isa" = "PBXBuildFile";
			"fileRef" = 68A9A3517EC74FC91C58C28A;
		};
		0DCD34F73A80BD44E7ADE31A = {
			"isa" = "PBXFileReference";
			"lastKnownFileType" = "sourcecode.swift";
			"path" = "IntegrationTests/StudyWidgetStorageTests.swift";
			"sourceTree" = "SOURCE_ROOT";
		};
		2523336E92E77D66EF93334E = {
			"isa" = "PBXBuildFile";
			"fileRef" = 0DCD34F73A80BD44E7ADE31A;
		};
		38BBCE866A435CEA74949128 = {
			"isa" = "PBXFileReference";
			"lastKnownFileType" = "sourcecode.swift";
			"path" = "Shared/SharedContainer.swift";
			"sourceTree" = "SOURCE_ROOT";
		};
		314CA2B211ED6EAAEC2879B8 = {
			"isa" = "PBXBuildFile";
			"fileRef" = 38BBCE866A435CEA74949128;
		};
		2E48390DF698C5D30151C3B4 = {
			"isa" = "PBXFileReference";
			"lastKnownFileType" = "sourcecode.swift";
			"path" = "Shared/StudyWidgetSnapshot.swift";
			"sourceTree" = "SOURCE_ROOT";
		};
		CDDBF40DD2676C4D0326006F = {
			"isa" = "PBXBuildFile";
			"fileRef" = 2E48390DF698C5D30151C3B4;
		};
		1FBF14F8912E315F6C96BB43 = {
			"isa" = "PBXGroup";
			"children" = (
				945D28F0A6148600FF0689A1,
				68A9A3517EC74FC91C58C28A,
				0DCD34F73A80BD44E7ADE31A,
				38BBCE866A435CEA74949128,
				2E48390DF698C5D30151C3B4,
			);
			"name" = "NoProcrastinatePersistenceTests";
			"sourceTree" = "<group>";
		};
		7BD07AA15ADA192327A6666B = {
			"isa" = "PBXSourcesBuildPhase";
			"buildActionMask" = 2147483647;
			"files" = (
				45FBF14AD074AC020BB78162,
				CA9CA8DD3AE3A694F826C027,
				2523336E92E77D66EF93334E,
				314CA2B211ED6EAAEC2879B8,
				CDDBF40DD2676C4D0326006F,
			);
			"runOnlyForDeploymentPostprocessing" = 0;
		};
		72AAF14BFF5DDAC8126836C0 = {
			"isa" = "PBXBuildFile";
			"fileRef" = 8DBB7513E757E4693C2825AC;
		};
		E7B38329FB6164C936D65312 = {
			"isa" = "PBXFrameworksBuildPhase";
			"buildActionMask" = 2147483647;
			"files" = (
				72AAF14BFF5DDAC8126836C0,
			);
			"runOnlyForDeploymentPostprocessing" = 0;
		};
		635A8B07A880A3B5E6B49044 = {
			"isa" = "PBXResourcesBuildPhase";
			"buildActionMask" = 2147483647;
			"files" = (
			);
			"runOnlyForDeploymentPostprocessing" = 0;
		};
		5453C5277095C5E1F3A15714 = {
			"isa" = "XCBuildConfiguration";
			"name" = "Debug";
			"buildSettings" = {
				"PRODUCT_NAME" = "$(TARGET_NAME)";
				"PRODUCT_BUNDLE_IDENTIFIER" = "com.drivenligret.NoProcrastinatePersistenceTests";
				"SWIFT_VERSION" = "5.0";
				"IPHONEOS_DEPLOYMENT_TARGET" = "17.0";
				"TARGETED_DEVICE_FAMILY" = "1,2";
				"SDKROOT" = "iphoneos";
				"SUPPORTED_PLATFORMS" = "iphoneos iphonesimulator";
				"CODE_SIGN_STYLE" = "Automatic";
				"CURRENT_PROJECT_VERSION" = "1";
				"MARKETING_VERSION" = "1.0";
				"GENERATE_INFOPLIST_FILE" = "YES";
				"CLANG_ENABLE_MODULES" = "YES";
				"LD_RUNPATH_SEARCH_PATHS" = (
					"$(inherited)",
					"@executable_path/Frameworks",
					"@loader_path/Frameworks",
				);
				"SKIP_INSTALL" = "YES";
				"SWIFT_OPTIMIZATION_LEVEL" = "-Onone";
				"ENABLE_TESTABILITY" = "YES";
				"DEBUG_INFORMATION_FORMAT" = "dwarf";
			};
		};
		EA214A3918119F88F78E9D68 = {
			"isa" = "XCBuildConfiguration";
			"name" = "Release";
			"buildSettings" = {
				"PRODUCT_NAME" = "$(TARGET_NAME)";
				"PRODUCT_BUNDLE_IDENTIFIER" = "com.drivenligret.NoProcrastinatePersistenceTests";
				"SWIFT_VERSION" = "5.0";
				"IPHONEOS_DEPLOYMENT_TARGET" = "17.0";
				"TARGETED_DEVICE_FAMILY" = "1,2";
				"SDKROOT" = "iphoneos";
				"SUPPORTED_PLATFORMS" = "iphoneos iphonesimulator";
				"CODE_SIGN_STYLE" = "Automatic";
				"CURRENT_PROJECT_VERSION" = "1";
				"MARKETING_VERSION" = "1.0";
				"GENERATE_INFOPLIST_FILE" = "YES";
				"CLANG_ENABLE_MODULES" = "YES";
				"LD_RUNPATH_SEARCH_PATHS" = (
					"$(inherited)",
					"@executable_path/Frameworks",
					"@loader_path/Frameworks",
				);
				"SKIP_INSTALL" = "YES";
				"SWIFT_OPTIMIZATION_LEVEL" = "-O";
				"DEBUG_INFORMATION_FORMAT" = "dwarf-with-dsym";
			};
		};
		A81E7F333695502E1B0C537A = {
			"isa" = "XCConfigurationList";
			"buildConfigurations" = (
				5453C5277095C5E1F3A15714,
				EA214A3918119F88F78E9D68,
			);
			"defaultConfigurationIsVisible" = 0;
			"defaultConfigurationName" = "Release";
		};
		E74A3AE4FAB78DD4611707A8 = {
			"isa" = "PBXContainerItemProxy";
			"containerPortal" = 98F54143AB4E86B28C3AFEE0;
			"proxyType" = 1;
			"remoteGlobalIDString" = 2987A1A8268A860D93178E92;
			"remoteInfo" = "NoProcrastinateCore";
		};
		06983603E51DB99D920FF604 = {
			"isa" = "PBXTargetDependency";
			"target" = 2987A1A8268A860D93178E92;
			"targetProxy" = E74A3AE4FAB78DD4611707A8;
		};
		5343653779DB68E6A6392424 = {
			"isa" = "PBXNativeTarget";
			"buildConfigurationList" = A81E7F333695502E1B0C537A;
			"buildPhases" = (
				7BD07AA15ADA192327A6666B,
				E7B38329FB6164C936D65312,
				635A8B07A880A3B5E6B49044,
			);
			"buildRules" = (
			);
			"dependencies" = (
				06983603E51DB99D920FF604,
			);
			"name" = "NoProcrastinatePersistenceTests";
			"productName" = "NoProcrastinatePersistenceTests";
			"productReference" = E92B39164DE24D8BC31D3A4F;
			"productType" = "com.apple.product-type.bundle.unit-test";
		};
		2E167B44AEF3EAF7C6DBC604 = {
			"isa" = "PBXFileReference";
			"explicitFileType" = "wrapper.app-extension";
			"path" = "NoProcrastinateWidget.appex";
			"sourceTree" = "BUILT_PRODUCTS_DIR";
			"includeInIndex" = 0;
		};
		66C8C7658BFE9E0616FCFCDC = {
			"isa" = "PBXFileReference";
			"lastKnownFileType" = "sourcecode.swift";
			"path" = "Widget/NoProcrastinateWidget.swift";
			"sourceTree" = "SOURCE_ROOT";
		};
		20B42150B1F222DE9CB5FC97 = {
			"isa" = "PBXBuildFile";
			"fileRef" = 66C8C7658BFE9E0616FCFCDC;
		};
		495AD3B71430E48E750D6407 = {
			"isa" = "PBXFileReference";
			"lastKnownFileType" = "sourcecode.swift";
			"path" = "Shared/SharedContainer.swift";
			"sourceTree" = "SOURCE_ROOT";
		};
		42325FC0377110177ACC3B3F = {
			"isa" = "PBXBuildFile";
			"fileRef" = 495AD3B71430E48E750D6407;
		};
		BCD5ADE05D2EA2E9A19F6605 = {
			"isa" = "PBXFileReference";
			"lastKnownFileType" = "sourcecode.swift";
			"path" = "Shared/StudyWidgetSnapshot.swift";
			"sourceTree" = "SOURCE_ROOT";
		};
		C010D4C3032438E14763F071 = {
			"isa" = "PBXBuildFile";
			"fileRef" = BCD5ADE05D2EA2E9A19F6605;
		};
		4AE2D18FD19F865A0180091D = {
			"isa" = "PBXGroup";
			"children" = (
				66C8C7658BFE9E0616FCFCDC,
				495AD3B71430E48E750D6407,
				BCD5ADE05D2EA2E9A19F6605,
			);
			"name" = "NoProcrastinateWidget";
			"sourceTree" = "<group>";
		};
		E054ADDA5B9A0EB1FE6B130B = {
			"isa" = "PBXSourcesBuildPhase";
			"buildActionMask" = 2147483647;
			"files" = (
				20B42150B1F222DE9CB5FC97,
				42325FC0377110177ACC3B3F,
				C010D4C3032438E14763F071,
			);
			"runOnlyForDeploymentPostprocessing" = 0;
		};
		BEB74AABA4008F00DA778218 = {
			"isa" = "PBXFrameworksBuildPhase";
			"buildActionMask" = 2147483647;
			"files" = (
			);
			"runOnlyForDeploymentPostprocessing" = 0;
		};
		05034D9DCC036BE674A34225 = {
			"isa" = "PBXResourcesBuildPhase";
			"buildActionMask" = 2147483647;
			"files" = (
			);
			"runOnlyForDeploymentPostprocessing" = 0;
		};
		37182FE9AA27D5C26EFC3FD8 = {
			"isa" = "XCBuildConfiguration";
			"name" = "Debug";
			"buildSettings" = {
				"PRODUCT_NAME" = "$(TARGET_NAME)";
				"PRODUCT_BUNDLE_IDENTIFIER" = "com.drivenligret.NoProcrastinate.Widget";
				"SWIFT_VERSION" = "5.0";
				"IPHONEOS_DEPLOYMENT_TARGET" = "17.0";
				"TARGETED_DEVICE_FAMILY" = "1,2";
				"SDKROOT" = "iphoneos";
				"SUPPORTED_PLATFORMS" = "iphoneos iphonesimulator";
				"CODE_SIGN_STYLE" = "Automatic";
				"CURRENT_PROJECT_VERSION" = "1";
				"MARKETING_VERSION" = "1.0";
				"GENERATE_INFOPLIST_FILE" = "NO";
				"CLANG_ENABLE_MODULES" = "YES";
				"APPLICATION_EXTENSION_API_ONLY" = "YES";
				"SKIP_INSTALL" = "YES";
				"LD_RUNPATH_SEARCH_PATHS" = (
					"$(inherited)",
					"@executable_path/Frameworks",
					"@executable_path/../../Frameworks",
				);
				"INFOPLIST_FILE" = "Widget/Info.plist";
				"CODE_SIGN_ENTITLEMENTS" = "Widget/Widget.entitlements";
				"SWIFT_OPTIMIZATION_LEVEL" = "-Onone";
				"ENABLE_TESTABILITY" = "YES";
				"DEBUG_INFORMATION_FORMAT" = "dwarf";
			};
		};
		F4C051937A77C3C9CACEF4E2 = {
			"isa" = "XCBuildConfiguration";
			"name" = "Release";
			"buildSettings" = {
				"PRODUCT_NAME" = "$(TARGET_NAME)";
				"PRODUCT_BUNDLE_IDENTIFIER" = "com.drivenligret.NoProcrastinate.Widget";
				"SWIFT_VERSION" = "5.0";
				"IPHONEOS_DEPLOYMENT_TARGET" = "17.0";
				"TARGETED_DEVICE_FAMILY" = "1,2";
				"SDKROOT" = "iphoneos";
				"SUPPORTED_PLATFORMS" = "iphoneos iphonesimulator";
				"CODE_SIGN_STYLE" = "Automatic";
				"CURRENT_PROJECT_VERSION" = "1";
				"MARKETING_VERSION" = "1.0";
				"GENERATE_INFOPLIST_FILE" = "NO";
				"CLANG_ENABLE_MODULES" = "YES";
				"APPLICATION_EXTENSION_API_ONLY" = "YES";
				"SKIP_INSTALL" = "YES";
				"LD_RUNPATH_SEARCH_PATHS" = (
					"$(inherited)",
					"@executable_path/Frameworks",
					"@executable_path/../../Frameworks",
				);
				"INFOPLIST_FILE" = "Widget/Info.plist";
				"CODE_SIGN_ENTITLEMENTS" = "Widget/Widget.entitlements";
				"SWIFT_OPTIMIZATION_LEVEL" = "-O";
				"DEBUG_INFORMATION_FORMAT" = "dwarf-with-dsym";
			};
		};
		328C584C041472703E66BA6A = {
			"isa" = "XCConfigurationList";
			"buildConfigurations" = (
				37182FE9AA27D5C26EFC3FD8,
				F4C051937A77C3C9CACEF4E2,
			);
			"defaultConfigurationIsVisible" = 0;
			"defaultConfigurationName" = "Release";
		};
		13AD96916A66B0AA386EFD88 = {
			"isa" = "PBXNativeTarget";
			"buildConfigurationList" = 328C584C041472703E66BA6A;
			"buildPhases" = (
				E054ADDA5B9A0EB1FE6B130B,
				BEB74AABA4008F00DA778218,
				05034D9DCC036BE674A34225,
			);
			"buildRules" = (
			);
			"dependencies" = (
			);
			"name" = "NoProcrastinateWidget";
			"productName" = "NoProcrastinateWidget";
			"productReference" = 2E167B44AEF3EAF7C6DBC604;
			"productType" = "com.apple.product-type.app-extension";
		};
		D5D3CD53672FABA2C9788AFD = {
			"isa" = "PBXFileReference";
			"explicitFileType" = "wrapper.app-extension";
			"path" = "NoProcrastinateMonitor.appex";
			"sourceTree" = "BUILT_PRODUCTS_DIR";
			"includeInIndex" = 0;
		};
		8C8FE85C678EB1A92CBC7E5B = {
			"isa" = "PBXFileReference";
			"lastKnownFileType" = "sourcecode.swift";
			"path" = "Monitor/FocusActivityMonitor.swift";
			"sourceTree" = "SOURCE_ROOT";
		};
		7E760F58485EE0221FB5BC91 = {
			"isa" = "PBXBuildFile";
			"fileRef" = 8C8FE85C678EB1A92CBC7E5B;
		};
		B9D0823EA6127C51D47292AF = {
			"isa" = "PBXFileReference";
			"lastKnownFileType" = "sourcecode.swift";
			"path" = "Shared/SharedContainer.swift";
			"sourceTree" = "SOURCE_ROOT";
		};
		8376799D3B8A58A5402240A8 = {
			"isa" = "PBXBuildFile";
			"fileRef" = B9D0823EA6127C51D47292AF;
		};
		6321548FFBC9E4FCCC9066C1 = {
			"isa" = "PBXGroup";
			"children" = (
				8C8FE85C678EB1A92CBC7E5B,
				B9D0823EA6127C51D47292AF,
			);
			"name" = "NoProcrastinateMonitor";
			"sourceTree" = "<group>";
		};
		78987B1C1C9841A52AAF75BE = {
			"isa" = "PBXSourcesBuildPhase";
			"buildActionMask" = 2147483647;
			"files" = (
				7E760F58485EE0221FB5BC91,
				8376799D3B8A58A5402240A8,
			);
			"runOnlyForDeploymentPostprocessing" = 0;
		};
		8898A5072B8A45D5DEF17E67 = {
			"isa" = "PBXFrameworksBuildPhase";
			"buildActionMask" = 2147483647;
			"files" = (
			);
			"runOnlyForDeploymentPostprocessing" = 0;
		};
		4E306453D93C44D183CD3C2E = {
			"isa" = "PBXResourcesBuildPhase";
			"buildActionMask" = 2147483647;
			"files" = (
			);
			"runOnlyForDeploymentPostprocessing" = 0;
		};
		C56CE83E8DFF30156CF5D5B2 = {
			"isa" = "XCBuildConfiguration";
			"name" = "Debug";
			"buildSettings" = {
				"PRODUCT_NAME" = "$(TARGET_NAME)";
				"PRODUCT_BUNDLE_IDENTIFIER" = "com.drivenligret.NoProcrastinate.Monitor";
				"SWIFT_VERSION" = "5.0";
				"IPHONEOS_DEPLOYMENT_TARGET" = "17.0";
				"TARGETED_DEVICE_FAMILY" = "1,2";
				"SDKROOT" = "iphoneos";
				"SUPPORTED_PLATFORMS" = "iphoneos iphonesimulator";
				"CODE_SIGN_STYLE" = "Automatic";
				"CURRENT_PROJECT_VERSION" = "1";
				"MARKETING_VERSION" = "1.0";
				"GENERATE_INFOPLIST_FILE" = "NO";
				"CLANG_ENABLE_MODULES" = "YES";
				"APPLICATION_EXTENSION_API_ONLY" = "YES";
				"SKIP_INSTALL" = "YES";
				"LD_RUNPATH_SEARCH_PATHS" = (
					"$(inherited)",
					"@executable_path/Frameworks",
					"@executable_path/../../Frameworks",
				);
				"INFOPLIST_FILE" = "Monitor/Info.plist";
				"CODE_SIGN_ENTITLEMENTS" = "Monitor/Monitor.entitlements";
				"SWIFT_OPTIMIZATION_LEVEL" = "-Onone";
				"ENABLE_TESTABILITY" = "YES";
				"DEBUG_INFORMATION_FORMAT" = "dwarf";
			};
		};
		AF00EA04FBA181961375BACB = {
			"isa" = "XCBuildConfiguration";
			"name" = "Release";
			"buildSettings" = {
				"PRODUCT_NAME" = "$(TARGET_NAME)";
				"PRODUCT_BUNDLE_IDENTIFIER" = "com.drivenligret.NoProcrastinate.Monitor";
				"SWIFT_VERSION" = "5.0";
				"IPHONEOS_DEPLOYMENT_TARGET" = "17.0";
				"TARGETED_DEVICE_FAMILY" = "1,2";
				"SDKROOT" = "iphoneos";
				"SUPPORTED_PLATFORMS" = "iphoneos iphonesimulator";
				"CODE_SIGN_STYLE" = "Automatic";
				"CURRENT_PROJECT_VERSION" = "1";
				"MARKETING_VERSION" = "1.0";
				"GENERATE_INFOPLIST_FILE" = "NO";
				"CLANG_ENABLE_MODULES" = "YES";
				"APPLICATION_EXTENSION_API_ONLY" = "YES";
				"SKIP_INSTALL" = "YES";
				"LD_RUNPATH_SEARCH_PATHS" = (
					"$(inherited)",
					"@executable_path/Frameworks",
					"@executable_path/../../Frameworks",
				);
				"INFOPLIST_FILE" = "Monitor/Info.plist";
				"CODE_SIGN_ENTITLEMENTS" = "Monitor/Monitor.entitlements";
				"SWIFT_OPTIMIZATION_LEVEL" = "-O";
				"DEBUG_INFORMATION_FORMAT" = "dwarf-with-dsym";
			};
		};
		1F802983D826D3A7D93CA945 = {
			"isa" = "XCConfigurationList";
			"buildConfigurations" = (
				C56CE83E8DFF30156CF5D5B2,
				AF00EA04FBA181961375BACB,
			);
			"defaultConfigurationIsVisible" = 0;
			"defaultConfigurationName" = "Release";
		};
		D925E8AFC88071245BB650FB = {
			"isa" = "PBXNativeTarget";
			"buildConfigurationList" = 1F802983D826D3A7D93CA945;
			"buildPhases" = (
				78987B1C1C9841A52AAF75BE,
				8898A5072B8A45D5DEF17E67,
				4E306453D93C44D183CD3C2E,
			);
			"buildRules" = (
			);
			"dependencies" = (
			);
			"name" = "NoProcrastinateMonitor";
			"productName" = "NoProcrastinateMonitor";
			"productReference" = D5D3CD53672FABA2C9788AFD;
			"productType" = "com.apple.product-type.app-extension";
		};
		EE91BF650BC19256F15C35B7 = {
			"isa" = "PBXFileReference";
			"explicitFileType" = "wrapper.application";
			"path" = "NoProcrastinate.app";
			"sourceTree" = "BUILT_PRODUCTS_DIR";
			"includeInIndex" = 0;
		};
		DD6AB74B8945382FEE6165EA = {
			"isa" = "PBXFileReference";
			"lastKnownFileType" = "sourcecode.swift";
			"path" = "App/FocusRestrictionController.swift";
			"sourceTree" = "SOURCE_ROOT";
		};
		E9BECF43455771B15A5E3863 = {
			"isa" = "PBXBuildFile";
			"fileRef" = DD6AB74B8945382FEE6165EA;
		};
		72E4962AA99F584397AF9546 = {
			"isa" = "PBXFileReference";
			"lastKnownFileType" = "sourcecode.swift";
			"path" = "App/FocusViewModel.swift";
			"sourceTree" = "SOURCE_ROOT";
		};
		657FC0DAF2D82CA2525BFE0C = {
			"isa" = "PBXBuildFile";
			"fileRef" = 72E4962AA99F584397AF9546;
		};
		8BB2CCD32562A6B0D3D846BC = {
			"isa" = "PBXFileReference";
			"lastKnownFileType" = "sourcecode.swift";
			"path" = "App/NoProcrastinateApp.swift";
			"sourceTree" = "SOURCE_ROOT";
		};
		FA9700D4EA630B28B57BABAA = {
			"isa" = "PBXBuildFile";
			"fileRef" = 8BB2CCD32562A6B0D3D846BC;
		};
		6F180714189CD948DC774977 = {
			"isa" = "PBXFileReference";
			"lastKnownFileType" = "sourcecode.swift";
			"path" = "App/PlanStudyTaskView.swift";
			"sourceTree" = "SOURCE_ROOT";
		};
		D1752055DD683E9B3428F6D4 = {
			"isa" = "PBXBuildFile";
			"fileRef" = 6F180714189CD948DC774977;
		};
		E3A9066F812F45CD48F36C73 = {
			"isa" = "PBXFileReference";
			"lastKnownFileType" = "sourcecode.swift";
			"path" = "App/StudyFocusView.swift";
			"sourceTree" = "SOURCE_ROOT";
		};
		6E5BF8C26FDA6FA5A3E7860E = {
			"isa" = "PBXBuildFile";
			"fileRef" = E3A9066F812F45CD48F36C73;
		};
		1D42A7CF24820E3B00733D0E = {
			"isa" = "PBXFileReference";
			"lastKnownFileType" = "sourcecode.swift";
			"path" = "App/StudyPlannerViewModel.swift";
			"sourceTree" = "SOURCE_ROOT";
		};
		D3E96DC0072EE979A60FE9DE = {
			"isa" = "PBXBuildFile";
			"fileRef" = 1D42A7CF24820E3B00733D0E;
		};
		31CEB1D61F0E60B7DAB66C1B = {
			"isa" = "PBXFileReference";
			"lastKnownFileType" = "sourcecode.swift";
			"path" = "App/StudyPlanView.swift";
			"sourceTree" = "SOURCE_ROOT";
		};
		A9D9B66FADAA2A3D23A460E6 = {
			"isa" = "PBXBuildFile";
			"fileRef" = 31CEB1D61F0E60B7DAB66C1B;
		};
		055D6C197D5C5B16C492907C = {
			"isa" = "PBXFileReference";
			"lastKnownFileType" = "sourcecode.swift";
			"path" = "App/StudyProgressView.swift";
			"sourceTree" = "SOURCE_ROOT";
		};
		8630155BDC65F6E89B9D32CB = {
			"isa" = "PBXBuildFile";
			"fileRef" = 055D6C197D5C5B16C492907C;
		};
		D7450CB788FF290D54F2A04F = {
			"isa" = "PBXFileReference";
			"lastKnownFileType" = "sourcecode.swift";
			"path" = "App/StudyProgressViewModel.swift";
			"sourceTree" = "SOURCE_ROOT";
		};
		9D875BC1CAA971950CD19F09 = {
			"isa" = "PBXBuildFile";
			"fileRef" = D7450CB788FF290D54F2A04F;
		};
		BDC6761E639545D3C927A851 = {
			"isa" = "PBXFileReference";
			"lastKnownFileType" = "sourcecode.swift";
			"path" = "App/StudyReminderScheduler.swift";
			"sourceTree" = "SOURCE_ROOT";
		};
		FA3D1D3F39839F117D1ECB1A = {
			"isa" = "PBXBuildFile";
			"fileRef" = BDC6761E639545D3C927A851;
		};
		15BDE43C4FA86BF1FA3A3A07 = {
			"isa" = "PBXFileReference";
			"lastKnownFileType" = "sourcecode.swift";
			"path" = "App/StudyRootView.swift";
			"sourceTree" = "SOURCE_ROOT";
		};
		D14EF248B5C28320B7B52CDB = {
			"isa" = "PBXBuildFile";
			"fileRef" = 15BDE43C4FA86BF1FA3A3A07;
		};
		8E4DC622812A4132AF3EDBC1 = {
			"isa" = "PBXFileReference";
			"lastKnownFileType" = "sourcecode.swift";
			"path" = "App/StudySupervisionPreferences.swift";
			"sourceTree" = "SOURCE_ROOT";
		};
		913D42BDA23DD6D90507FD2D = {
			"isa" = "PBXBuildFile";
			"fileRef" = 8E4DC622812A4132AF3EDBC1;
		};
		F869C9D3AB986CD2991F1EDA = {
			"isa" = "PBXFileReference";
			"lastKnownFileType" = "sourcecode.swift";
			"path" = "App/StudySupervisionView.swift";
			"sourceTree" = "SOURCE_ROOT";
		};
		7F596FF605A57EFF434D6572 = {
			"isa" = "PBXBuildFile";
			"fileRef" = F869C9D3AB986CD2991F1EDA;
		};
		031EBE01870489E98ED805E9 = {
			"isa" = "PBXFileReference";
			"lastKnownFileType" = "sourcecode.swift";
			"path" = "App/StudySupervisionViewModel.swift";
			"sourceTree" = "SOURCE_ROOT";
		};
		9C626BAE26B3C088B2B4B98D = {
			"isa" = "PBXBuildFile";
			"fileRef" = 031EBE01870489E98ED805E9;
		};
		C41C6B49154ED01DCCB597B6 = {
			"isa" = "PBXFileReference";
			"lastKnownFileType" = "sourcecode.swift";
			"path" = "App/StudyTaskDetailView.swift";
			"sourceTree" = "SOURCE_ROOT";
		};
		57CCD70D728A1769F22A3C3F = {
			"isa" = "PBXBuildFile";
			"fileRef" = C41C6B49154ED01DCCB597B6;
		};
		F005745FA1551808E27A14A5 = {
			"isa" = "PBXFileReference";
			"lastKnownFileType" = "sourcecode.swift";
			"path" = "App/StudyWidgetPublisher.swift";
			"sourceTree" = "SOURCE_ROOT";
		};
		FF4DA8CFF8DE4E0D8670EDD2 = {
			"isa" = "PBXBuildFile";
			"fileRef" = F005745FA1551808E27A14A5;
		};
		77FCA35DD9AC3B3E7A7454F5 = {
			"isa" = "PBXFileReference";
			"lastKnownFileType" = "sourcecode.swift";
			"path" = "Shared/SharedContainer.swift";
			"sourceTree" = "SOURCE_ROOT";
		};
		F1091A22B3B9FDDA4AEC3BA2 = {
			"isa" = "PBXBuildFile";
			"fileRef" = 77FCA35DD9AC3B3E7A7454F5;
		};
		C093BEBBEAD42F63E20126B7 = {
			"isa" = "PBXFileReference";
			"lastKnownFileType" = "sourcecode.swift";
			"path" = "Shared/StudyWidgetSnapshot.swift";
			"sourceTree" = "SOURCE_ROOT";
		};
		02E258762695A9F640BCB4AF = {
			"isa" = "PBXBuildFile";
			"fileRef" = C093BEBBEAD42F63E20126B7;
		};
		CCC057208D95F081DC05493F = {
			"isa" = "PBXFileReference";
			"lastKnownFileType" = "folder.assetcatalog";
			"path" = "App/Assets.xcassets";
			"sourceTree" = "SOURCE_ROOT";
		};
		168227E37D04E2910FDCA52B = {
			"isa" = "PBXBuildFile";
			"fileRef" = CCC057208D95F081DC05493F;
		};
		689DDA8F8A4E39E9E1CDEDD6 = {
			"isa" = "PBXGroup";
			"children" = (
				DD6AB74B8945382FEE6165EA,
				72E4962AA99F584397AF9546,
				8BB2CCD32562A6B0D3D846BC,
				6F180714189CD948DC774977,
				E3A9066F812F45CD48F36C73,
				1D42A7CF24820E3B00733D0E,
				31CEB1D61F0E60B7DAB66C1B,
				055D6C197D5C5B16C492907C,
				D7450CB788FF290D54F2A04F,
				BDC6761E639545D3C927A851,
				15BDE43C4FA86BF1FA3A3A07,
				8E4DC622812A4132AF3EDBC1,
				F869C9D3AB986CD2991F1EDA,
				031EBE01870489E98ED805E9,
				C41C6B49154ED01DCCB597B6,
				F005745FA1551808E27A14A5,
				77FCA35DD9AC3B3E7A7454F5,
				C093BEBBEAD42F63E20126B7,
				CCC057208D95F081DC05493F,
			);
			"name" = "NoProcrastinate";
			"sourceTree" = "<group>";
		};
		5E628613FC117698F097EB98 = {
			"isa" = "PBXSourcesBuildPhase";
			"buildActionMask" = 2147483647;
			"files" = (
				E9BECF43455771B15A5E3863,
				657FC0DAF2D82CA2525BFE0C,
				FA9700D4EA630B28B57BABAA,
				D1752055DD683E9B3428F6D4,
				6E5BF8C26FDA6FA5A3E7860E,
				D3E96DC0072EE979A60FE9DE,
				A9D9B66FADAA2A3D23A460E6,
				8630155BDC65F6E89B9D32CB,
				9D875BC1CAA971950CD19F09,
				FA3D1D3F39839F117D1ECB1A,
				D14EF248B5C28320B7B52CDB,
				913D42BDA23DD6D90507FD2D,
				7F596FF605A57EFF434D6572,
				9C626BAE26B3C088B2B4B98D,
				57CCD70D728A1769F22A3C3F,
				FF4DA8CFF8DE4E0D8670EDD2,
				F1091A22B3B9FDDA4AEC3BA2,
				02E258762695A9F640BCB4AF,
			);
			"runOnlyForDeploymentPostprocessing" = 0;
		};
		99772F9DBF9808A589EC0E14 = {
			"isa" = "PBXBuildFile";
			"fileRef" = 8DBB7513E757E4693C2825AC;
		};
		BB52C33A098B5A15F395EEC5 = {
			"isa" = "PBXFrameworksBuildPhase";
			"buildActionMask" = 2147483647;
			"files" = (
				99772F9DBF9808A589EC0E14,
			);
			"runOnlyForDeploymentPostprocessing" = 0;
		};
		E3A1120294B1B56591B7A3BE = {
			"isa" = "PBXResourcesBuildPhase";
			"buildActionMask" = 2147483647;
			"files" = (
				168227E37D04E2910FDCA52B,
			);
			"runOnlyForDeploymentPostprocessing" = 0;
		};
		3C93CC3CBA2AC6BFABFBD32F = {
			"isa" = "PBXBuildFile";
			"fileRef" = 8DBB7513E757E4693C2825AC;
			"settings" = {
				"ATTRIBUTES" = (
					"CodeSignOnCopy",
					"RemoveHeadersOnCopy",
				);
			};
		};
		908857EAF4485A7CCC96D2DF = {
			"isa" = "PBXCopyFilesBuildPhase";
			"buildActionMask" = 2147483647;
			"dstPath" = "";
			"dstSubfolderSpec" = 10;
			"files" = (
				3C93CC3CBA2AC6BFABFBD32F,
			);
			"name" = "Embed Frameworks";
			"runOnlyForDeploymentPostprocessing" = 0;
		};
		9A94326FAF47F57F4CE446B3 = {
			"isa" = "PBXBuildFile";
			"fileRef" = 2E167B44AEF3EAF7C6DBC604;
			"settings" = {
				"ATTRIBUTES" = (
					"RemoveHeadersOnCopy",
				);
			};
		};
		AB388DC42F54C96F0C18262A = {
			"isa" = "PBXBuildFile";
			"fileRef" = D5D3CD53672FABA2C9788AFD;
			"settings" = {
				"ATTRIBUTES" = (
					"RemoveHeadersOnCopy",
				);
			};
		};
		4249157EABA5BED86164BA11 = {
			"isa" = "PBXCopyFilesBuildPhase";
			"buildActionMask" = 2147483647;
			"dstPath" = "";
			"dstSubfolderSpec" = 13;
			"files" = (
				9A94326FAF47F57F4CE446B3,
				AB388DC42F54C96F0C18262A,
			);
			"name" = "Embed App Extensions";
			"runOnlyForDeploymentPostprocessing" = 0;
		};
		8A14F5927F49265C7E5CC48A = {
			"isa" = "XCBuildConfiguration";
			"name" = "Debug";
			"buildSettings" = {
				"PRODUCT_NAME" = "$(TARGET_NAME)";
				"PRODUCT_BUNDLE_IDENTIFIER" = "com.drivenligret.NoProcrastinate";
				"SWIFT_VERSION" = "5.0";
				"IPHONEOS_DEPLOYMENT_TARGET" = "17.0";
				"TARGETED_DEVICE_FAMILY" = "1,2";
				"SDKROOT" = "iphoneos";
				"SUPPORTED_PLATFORMS" = "iphoneos iphonesimulator";
				"CODE_SIGN_STYLE" = "Automatic";
				"CURRENT_PROJECT_VERSION" = "1";
				"MARKETING_VERSION" = "1.0";
				"GENERATE_INFOPLIST_FILE" = "NO";
				"CLANG_ENABLE_MODULES" = "YES";
				"ASSETCATALOG_COMPILER_APPICON_NAME" = "AppIcon";
				"INFOPLIST_KEY_UILaunchScreen_Generation" = "YES";
				"INFOPLIST_KEY_UIApplicationSceneManifest_Generation" = "YES";
				"INFOPLIST_KEY_CFBundleDisplayName" = "NoProcrastinate";
				"LD_RUNPATH_SEARCH_PATHS" = (
					"$(inherited)",
					"@executable_path/Frameworks",
				);
				"INFOPLIST_FILE" = "App/Info.plist";
				"CODE_SIGN_ENTITLEMENTS" = "App/App.entitlements";
				"SWIFT_OPTIMIZATION_LEVEL" = "-Onone";
				"ENABLE_TESTABILITY" = "YES";
				"DEBUG_INFORMATION_FORMAT" = "dwarf";
			};
		};
		410718E7B2865632011E06D2 = {
			"isa" = "XCBuildConfiguration";
			"name" = "Release";
			"buildSettings" = {
				"PRODUCT_NAME" = "$(TARGET_NAME)";
				"PRODUCT_BUNDLE_IDENTIFIER" = "com.drivenligret.NoProcrastinate";
				"SWIFT_VERSION" = "5.0";
				"IPHONEOS_DEPLOYMENT_TARGET" = "17.0";
				"TARGETED_DEVICE_FAMILY" = "1,2";
				"SDKROOT" = "iphoneos";
				"SUPPORTED_PLATFORMS" = "iphoneos iphonesimulator";
				"CODE_SIGN_STYLE" = "Automatic";
				"CURRENT_PROJECT_VERSION" = "1";
				"MARKETING_VERSION" = "1.0";
				"GENERATE_INFOPLIST_FILE" = "NO";
				"CLANG_ENABLE_MODULES" = "YES";
				"ASSETCATALOG_COMPILER_APPICON_NAME" = "AppIcon";
				"INFOPLIST_KEY_UILaunchScreen_Generation" = "YES";
				"INFOPLIST_KEY_UIApplicationSceneManifest_Generation" = "YES";
				"INFOPLIST_KEY_CFBundleDisplayName" = "NoProcrastinate";
				"LD_RUNPATH_SEARCH_PATHS" = (
					"$(inherited)",
					"@executable_path/Frameworks",
				);
				"INFOPLIST_FILE" = "App/Info.plist";
				"CODE_SIGN_ENTITLEMENTS" = "App/App.entitlements";
				"SWIFT_OPTIMIZATION_LEVEL" = "-O";
				"DEBUG_INFORMATION_FORMAT" = "dwarf-with-dsym";
			};
		};
		843800E90CDC45F5669BA695 = {
			"isa" = "XCConfigurationList";
			"buildConfigurations" = (
				8A14F5927F49265C7E5CC48A,
				410718E7B2865632011E06D2,
			);
			"defaultConfigurationIsVisible" = 0;
			"defaultConfigurationName" = "Release";
		};
		14E5BC1F309CC213A61BA374 = {
			"isa" = "PBXContainerItemProxy";
			"containerPortal" = 98F54143AB4E86B28C3AFEE0;
			"proxyType" = 1;
			"remoteGlobalIDString" = 2987A1A8268A860D93178E92;
			"remoteInfo" = "NoProcrastinateCore";
		};
		B9A3476D5CC93B3DAE05F364 = {
			"isa" = "PBXTargetDependency";
			"target" = 2987A1A8268A860D93178E92;
			"targetProxy" = 14E5BC1F309CC213A61BA374;
		};
		E72EBCDFE0E93CC1F755195C = {
			"isa" = "PBXContainerItemProxy";
			"containerPortal" = 98F54143AB4E86B28C3AFEE0;
			"proxyType" = 1;
			"remoteGlobalIDString" = 13AD96916A66B0AA386EFD88;
			"remoteInfo" = "NoProcrastinateWidget";
		};
		B80598B78F490DC3AE5B1768 = {
			"isa" = "PBXTargetDependency";
			"target" = 13AD96916A66B0AA386EFD88;
			"targetProxy" = E72EBCDFE0E93CC1F755195C;
		};
		D48F43848B3BDA5319D35586 = {
			"isa" = "PBXContainerItemProxy";
			"containerPortal" = 98F54143AB4E86B28C3AFEE0;
			"proxyType" = 1;
			"remoteGlobalIDString" = D925E8AFC88071245BB650FB;
			"remoteInfo" = "NoProcrastinateMonitor";
		};
		21DAD0D5D3357E1E2FC0E168 = {
			"isa" = "PBXTargetDependency";
			"target" = D925E8AFC88071245BB650FB;
			"targetProxy" = D48F43848B3BDA5319D35586;
		};
		84580A6BB133894D078D94C5 = {
			"isa" = "PBXNativeTarget";
			"buildConfigurationList" = 843800E90CDC45F5669BA695;
			"buildPhases" = (
				5E628613FC117698F097EB98,
				BB52C33A098B5A15F395EEC5,
				E3A1120294B1B56591B7A3BE,
				908857EAF4485A7CCC96D2DF,
				4249157EABA5BED86164BA11,
			);
			"buildRules" = (
			);
			"dependencies" = (
				B9A3476D5CC93B3DAE05F364,
				B80598B78F490DC3AE5B1768,
				21DAD0D5D3357E1E2FC0E168,
			);
			"name" = "NoProcrastinate";
			"productName" = "NoProcrastinate";
			"productReference" = EE91BF650BC19256F15C35B7;
			"productType" = "com.apple.product-type.application";
		};
		A5C5310E8E2DB50EAAC57BAA = {
			"isa" = "PBXFileReference";
			"explicitFileType" = "wrapper.cfbundle";
			"path" = "NoProcrastinateUITests.xctest";
			"sourceTree" = "BUILT_PRODUCTS_DIR";
			"includeInIndex" = 0;
		};
		15AE3CA001B8C8FC4FFADB84 = {
			"isa" = "PBXFileReference";
			"lastKnownFileType" = "sourcecode.swift";
			"path" = "UITests/StudyFocusUITests.swift";
			"sourceTree" = "SOURCE_ROOT";
		};
		2BFB79BC4ACE0DB7F353A92F = {
			"isa" = "PBXBuildFile";
			"fileRef" = 15AE3CA001B8C8FC4FFADB84;
		};
		DEED2DE4871EE3A2853D0B61 = {
			"isa" = "PBXFileReference";
			"lastKnownFileType" = "sourcecode.swift";
			"path" = "UITests/StudyPlanningUITests.swift";
			"sourceTree" = "SOURCE_ROOT";
		};
		2ACB2C16A640229A02AC2623 = {
			"isa" = "PBXBuildFile";
			"fileRef" = DEED2DE4871EE3A2853D0B61;
		};
		B662961E54E75DF7CE39F013 = {
			"isa" = "PBXFileReference";
			"lastKnownFileType" = "sourcecode.swift";
			"path" = "UITests/StudySupervisionUITests.swift";
			"sourceTree" = "SOURCE_ROOT";
		};
		AB25476BAB47F0C76357AB04 = {
			"isa" = "PBXBuildFile";
			"fileRef" = B662961E54E75DF7CE39F013;
		};
		3BBCF36415CBFB6135EF2CCA = {
			"isa" = "PBXFileReference";
			"lastKnownFileType" = "sourcecode.swift";
			"path" = "UITests/StudyWidgetUITests.swift";
			"sourceTree" = "SOURCE_ROOT";
		};
		2B0B35E2A84C309A03ACE4F7 = {
			"isa" = "PBXBuildFile";
			"fileRef" = 3BBCF36415CBFB6135EF2CCA;
		};
		F06D7738A6745E3539A6152E = {
			"isa" = "PBXGroup";
			"children" = (
				15AE3CA001B8C8FC4FFADB84,
				DEED2DE4871EE3A2853D0B61,
				B662961E54E75DF7CE39F013,
				3BBCF36415CBFB6135EF2CCA,
			);
			"name" = "NoProcrastinateUITests";
			"sourceTree" = "<group>";
		};
		A2DFA2C6936B3837BB270233 = {
			"isa" = "PBXSourcesBuildPhase";
			"buildActionMask" = 2147483647;
			"files" = (
				2BFB79BC4ACE0DB7F353A92F,
				2ACB2C16A640229A02AC2623,
				AB25476BAB47F0C76357AB04,
				2B0B35E2A84C309A03ACE4F7,
			);
			"runOnlyForDeploymentPostprocessing" = 0;
		};
		F2230612A6DC209761D935F1 = {
			"isa" = "PBXFrameworksBuildPhase";
			"buildActionMask" = 2147483647;
			"files" = (
			);
			"runOnlyForDeploymentPostprocessing" = 0;
		};
		9892BA686036E3867CA10BF3 = {
			"isa" = "PBXResourcesBuildPhase";
			"buildActionMask" = 2147483647;
			"files" = (
			);
			"runOnlyForDeploymentPostprocessing" = 0;
		};
		7AD1B980915061CFCD8E1E2B = {
			"isa" = "XCBuildConfiguration";
			"name" = "Debug";
			"buildSettings" = {
				"PRODUCT_NAME" = "$(TARGET_NAME)";
				"PRODUCT_BUNDLE_IDENTIFIER" = "com.drivenligret.NoProcrastinateUITests";
				"SWIFT_VERSION" = "5.0";
				"IPHONEOS_DEPLOYMENT_TARGET" = "17.0";
				"TARGETED_DEVICE_FAMILY" = "1,2";
				"SDKROOT" = "iphoneos";
				"SUPPORTED_PLATFORMS" = "iphoneos iphonesimulator";
				"CODE_SIGN_STYLE" = "Automatic";
				"CURRENT_PROJECT_VERSION" = "1";
				"MARKETING_VERSION" = "1.0";
				"GENERATE_INFOPLIST_FILE" = "YES";
				"CLANG_ENABLE_MODULES" = "YES";
				"LD_RUNPATH_SEARCH_PATHS" = (
					"$(inherited)",
					"@executable_path/Frameworks",
					"@loader_path/Frameworks",
				);
				"SKIP_INSTALL" = "YES";
				"TEST_TARGET_NAME" = "NoProcrastinate";
				"SWIFT_OPTIMIZATION_LEVEL" = "-Onone";
				"ENABLE_TESTABILITY" = "YES";
				"DEBUG_INFORMATION_FORMAT" = "dwarf";
			};
		};
		641A261E008D49E525DCFB99 = {
			"isa" = "XCBuildConfiguration";
			"name" = "Release";
			"buildSettings" = {
				"PRODUCT_NAME" = "$(TARGET_NAME)";
				"PRODUCT_BUNDLE_IDENTIFIER" = "com.drivenligret.NoProcrastinateUITests";
				"SWIFT_VERSION" = "5.0";
				"IPHONEOS_DEPLOYMENT_TARGET" = "17.0";
				"TARGETED_DEVICE_FAMILY" = "1,2";
				"SDKROOT" = "iphoneos";
				"SUPPORTED_PLATFORMS" = "iphoneos iphonesimulator";
				"CODE_SIGN_STYLE" = "Automatic";
				"CURRENT_PROJECT_VERSION" = "1";
				"MARKETING_VERSION" = "1.0";
				"GENERATE_INFOPLIST_FILE" = "YES";
				"CLANG_ENABLE_MODULES" = "YES";
				"LD_RUNPATH_SEARCH_PATHS" = (
					"$(inherited)",
					"@executable_path/Frameworks",
					"@loader_path/Frameworks",
				);
				"SKIP_INSTALL" = "YES";
				"TEST_TARGET_NAME" = "NoProcrastinate";
				"SWIFT_OPTIMIZATION_LEVEL" = "-O";
				"DEBUG_INFORMATION_FORMAT" = "dwarf-with-dsym";
			};
		};
		6648CEB78EA80C8BD41D785F = {
			"isa" = "XCConfigurationList";
			"buildConfigurations" = (
				7AD1B980915061CFCD8E1E2B,
				641A261E008D49E525DCFB99,
			);
			"defaultConfigurationIsVisible" = 0;
			"defaultConfigurationName" = "Release";
		};
		84A6BBF8B25ADC778FDF2F3F = {
			"isa" = "PBXContainerItemProxy";
			"containerPortal" = 98F54143AB4E86B28C3AFEE0;
			"proxyType" = 1;
			"remoteGlobalIDString" = 84580A6BB133894D078D94C5;
			"remoteInfo" = "NoProcrastinate";
		};
		6927025722A9E1F8A9AF855B = {
			"isa" = "PBXTargetDependency";
			"target" = 84580A6BB133894D078D94C5;
			"targetProxy" = 84A6BBF8B25ADC778FDF2F3F;
		};
		75FBA9030AE835F8BC88D7FC = {
			"isa" = "PBXNativeTarget";
			"buildConfigurationList" = 6648CEB78EA80C8BD41D785F;
			"buildPhases" = (
				A2DFA2C6936B3837BB270233,
				F2230612A6DC209761D935F1,
				9892BA686036E3867CA10BF3,
			);
			"buildRules" = (
			);
			"dependencies" = (
				6927025722A9E1F8A9AF855B,
			);
			"name" = "NoProcrastinateUITests";
			"productName" = "NoProcrastinateUITests";
			"productReference" = A5C5310E8E2DB50EAAC57BAA;
			"productType" = "com.apple.product-type.bundle.ui-testing";
		};
		FBDC4F23F93125BBEEAE800C = {
			"isa" = "PBXGroup";
			"children" = (
				8DBB7513E757E4693C2825AC,
				0160123E44F2DD1F94F714DC,
				E92B39164DE24D8BC31D3A4F,
				2E167B44AEF3EAF7C6DBC604,
				D5D3CD53672FABA2C9788AFD,
				EE91BF650BC19256F15C35B7,
				A5C5310E8E2DB50EAAC57BAA,
			);
			"name" = "Products";
			"sourceTree" = "<group>";
		};
		B28B7AF69320201D1CF206EB = {
			"isa" = "PBXGroup";
			"children" = (
				D736F39DB4EDD39FE398EA5A,
				73BA15451D011CCCFF865FC9,
				1FBF14F8912E315F6C96BB43,
				4AE2D18FD19F865A0180091D,
				6321548FFBC9E4FCCC9066C1,
				689DDA8F8A4E39E9E1CDEDD6,
				F06D7738A6745E3539A6152E,
				FBDC4F23F93125BBEEAE800C,
			);
			"sourceTree" = "<group>";
		};
		89E1FD6268CC0F221A2BE178 = {
			"isa" = "XCBuildConfiguration";
			"name" = "Debug";
			"buildSettings" = {
				"ALWAYS_SEARCH_USER_PATHS" = "NO";
				"CLANG_ENABLE_OBJC_ARC" = "YES";
				"SWIFT_VERSION" = "5.0";
				"IPHONEOS_DEPLOYMENT_TARGET" = "17.0";
				"ENABLE_USER_SCRIPT_SANDBOXING" = "YES";
				"SWIFT_OPTIMIZATION_LEVEL" = "-Onone";
				"ENABLE_TESTABILITY" = "YES";
				"DEBUG_INFORMATION_FORMAT" = "dwarf";
			};
		};
		E6DE6C99132752C914FEF632 = {
			"isa" = "XCBuildConfiguration";
			"name" = "Release";
			"buildSettings" = {
				"ALWAYS_SEARCH_USER_PATHS" = "NO";
				"CLANG_ENABLE_OBJC_ARC" = "YES";
				"SWIFT_VERSION" = "5.0";
				"IPHONEOS_DEPLOYMENT_TARGET" = "17.0";
				"ENABLE_USER_SCRIPT_SANDBOXING" = "YES";
				"SWIFT_OPTIMIZATION_LEVEL" = "-O";
				"DEBUG_INFORMATION_FORMAT" = "dwarf-with-dsym";
			};
		};
		BC7E287B75C6D3E574547D08 = {
			"isa" = "XCConfigurationList";
			"buildConfigurations" = (
				89E1FD6268CC0F221A2BE178,
				E6DE6C99132752C914FEF632,
			);
			"defaultConfigurationIsVisible" = 0;
			"defaultConfigurationName" = "Release";
		};
		98F54143AB4E86B28C3AFEE0 = {
			"isa" = "PBXProject";
			"attributes" = {
				"LastUpgradeCheck" = "1600";
				"TargetAttributes" = {
				};
			};
			"buildConfigurationList" = BC7E287B75C6D3E574547D08;
			"compatibilityVersion" = "Xcode 14.0";
			"developmentRegion" = "en";
			"hasScannedForEncodings" = 0;
			"knownRegions" = (
				"en",
				"Base",
			);
			"mainGroup" = B28B7AF69320201D1CF206EB;
			"productRefGroup" = FBDC4F23F93125BBEEAE800C;
			"projectDirPath" = "";
			"projectRoot" = "";
			"targets" = (
				2987A1A8268A860D93178E92,
				2EE9C0AE9733826541E15261,
				5343653779DB68E6A6392424,
				13AD96916A66B0AA386EFD88,
				D925E8AFC88071245BB650FB,
				84580A6BB133894D078D94C5,
				75FBA9030AE835F8BC88D7FC,
			);
		};
	};
	"rootObject" = 98F54143AB4E86B28C3AFEE0;
}
